
Microsoft Visual Studio Solution File, Format Version 12.00
# Visual Studio Version 17
VisualStudioVersion = 17.5.33530.505
MinimumVisualStudioVersion = 10.0.40219.1
Project("{2150E333-8FDC-42A3-9474-1A3956D46DE8}") = "src", "src", "{AA33D6D5-EC65-4E8E-A15B-F83D3B2D321C}"
EndProject
Project("{2150E333-8FDC-42A3-9474-1A3956D46DE8}") = "Api", "Api", "{AC36EB1D-3EC3-49A5-9F3D-BF37C79744D0}"
EndProject
Project("{2150E333-8FDC-42A3-9474-1A3956D46DE8}") = "Clients", "Clients", "{90347326-ACC4-4D54-83B4-C923DFDB680D}"
EndProject
Project("{2150E333-8FDC-42A3-9474-1A3956D46DE8}") = "Common", "Common", "{A0919C1A-E9C7-46E9-B478-C2504447F15D}"
EndProject
Project("{2150E333-8FDC-42A3-9474-1A3956D46DE8}") = "Projections", "Projections", "{84F01737-A0EB-42B7-B0E5-D8FCC0BCAF92}"
EndProject
Project("{2150E333-8FDC-42A3-9474-1A3956D46DE8}") = "Core", "Core", "{CEC19E05-E04D-4462-B30A-B47A05579D7B}"
EndProject
Project("{2150E333-8FDC-42A3-9474-1A3956D46DE8}") = "Infrastructure", "Infrastructure", "{BC78516D-B48D-4625-B337-4E347F7BC1FB}"
EndProject
Project("{2150E333-8FDC-42A3-9474-1A3956D46DE8}") = "WebApi", "WebApi", "{667BC3EF-18FD-4148-86D6-7BC1A1FE768D}"
EndProject
Project("{2150E333-8FDC-42A3-9474-1A3956D46DE8}") = "BlazorWeb", "BlazorWeb", "{3BA96676-8807-41AC-ACF5-C6EBF3DCB5B9}"
EndProject
Project("{9A19103F-16F7-4668-BE54-9A1E7A4F7556}") = "SozlukWebSiteCommon", "src\Common\SozlukWebSiteCommon\SozlukWebSiteCommon.csproj", "{604F4876-1C8B-424A-82AC-E9C4E45B793F}"
EndProject
Project("{9A19103F-16F7-4668-BE54-9A1E7A4F7556}") = "SozlukWebSitesiApi.Domain", "src\Api\Core\SozlukWebSitesiApi.Domain\SozlukWebSitesiApi.Domain.csproj", "{CAE67D9C-BC66-44B4-97FF-9652B0FBB27A}"
EndProject
Project("{9A19103F-16F7-4668-BE54-9A1E7A4F7556}") = "SozlukWebSitesiApi.Application", "src\Api\Core\SozlukWebSitesiApi.Application\SozlukWebSitesiApi.Application.csproj", "{DA2D3BC2-F235-45CE-921B-A856817A5FD2}"
EndProject
Project("{9A19103F-16F7-4668-BE54-9A1E7A4F7556}") = "SozlukWebSitesi.Persistence", "src\Api\Infrastructure\SozlukWebSitesi.Persistence\SozlukWebSitesi.Persistence.csproj", "{72E9AD52-F4CC-4A2D-80CF-A928175F1F42}"
EndProject
Project("{9A19103F-16F7-4668-BE54-9A1E7A4F7556}") = "SozlukWebSitesi.Projections.FavoriteService", "src\Projections\SozlukWebSitesi.Projections.FavoriteService\SozlukWebSitesi.Projections.FavoriteService.csproj", "{7D9B7786-3B3E-45FB-9204-BB537E1173D3}"
EndProject
Project("{9A19103F-16F7-4668-BE54-9A1E7A4F7556}") = "SozlukWebSite.Projections.UserService", "src\Projections\SozlukWebSite.Projections.User\SozlukWebSite.Projections.UserService.csproj", "{20A6694B-E630-4B94-A595-167B8926DE80}"
EndProject
Project("{9A19103F-16F7-4668-BE54-9A1E7A4F7556}") = "SozlukWebSite.Projections.VoteService", "src\Projections\SozlukWebSite.Projections.VoteService\SozlukWebSite.Projections.VoteService.csproj", "{91D88066-C40B-412D-84C0-4564677CE4FE}"
EndProject
Project("{9A19103F-16F7-4668-BE54-9A1E7A4F7556}") = "SozlukWebSitesi.WebApp", "src\Clients\BlazorWeb\SozlukWebSitesi.WebApp\SozlukWebSitesi.WebApp.csproj", "{01B0922B-E40F-4F35-838B-14FAB583F094}"
EndProject
Project("{FAE04EC0-301F-11D3-BF4B-00C04F79EFBC}") = "SozlukWebSitesiApi.WebApi", "src\Api\WebApi\SozlukWebSitesiApi.WebApi\SozlukWebSitesiApi.WebApi.csproj", "{1A7633FB-CD02-4E61-B9CB-F9900E13E3A5}"
EndProject
Global
	GlobalSection(SolutionConfigurationPlatforms) = preSolution
		Debug|Any CPU = Debug|Any CPU
		Release|Any CPU = Release|Any CPU
	EndGlobalSection
	GlobalSection(ProjectConfigurationPlatforms) = postSolution
		{604F4876-1C8B-424A-82AC-E9C4E45B793F}.Debug|Any CPU.ActiveCfg = Debug|Any CPU
		{604F4876-1C8B-424A-82AC-E9C4E45B793F}.Debug|Any CPU.Build.0 = Debug|Any CPU
		{604F4876-1C8B-424A-82AC-E9C4E45B793F}.Release|Any CPU.ActiveCfg = Release|Any CPU
		{604F4876-1C8B-424A-82AC-E9C4E45B793F}.Release|Any CPU.Build.0 = Release|Any CPU
		{CAE67D9C-BC66-44B4-97FF-9652B0FBB27A}.Debug|Any CPU.ActiveCfg = Debug|Any CPU
		{CAE67D9C-BC66-44B4-97FF-9652B0FBB27A}.Debug|Any CPU.Build.0 = Debug|Any CPU
		{CAE67D9C-BC66-44B4-97FF-9652B0FBB27A}.Release|Any CPU.ActiveCfg = Release|Any CPU
		{CAE67D9C-BC66-44B4-97FF-9652B0FBB27A}.Release|Any CPU.Build.0 = Release|Any CPU
		{DA2D3BC2-F235-45CE-921B-A856817A5FD2}.Debug|Any CPU.ActiveCfg = Debug|Any CPU
		{DA2D3BC2-F235-45CE-921B-A856817A5FD2}.Debug|Any CPU.Build.0 = Debug|Any CPU
		{DA2D3BC2-F235-45CE-921B-A856817A5FD2}.Release|Any CPU.ActiveCfg = Release|Any CPU
		{DA2D3BC2-F235-45CE-921B-A856817A5FD2}.Release|Any CPU.Build.0 = Release|Any CPU
		{72E9AD52-F4CC-4A2D-80CF-A928175F1F42}.Debug|Any CPU.ActiveCfg = Debug|Any CPU
		{72E9AD52-F4CC-4A2D-80CF-A928175F1F42}.Debug|Any CPU.Build.0 = Debug|Any CPU
		{72E9AD52-F4CC-4A2D-80CF-A928175F1F42}.Release|Any CPU.ActiveCfg = Release|Any CPU
		{72E9AD52-F4CC-4A2D-80CF-A928175F1F42}.Release|Any CPU.Build.0 = Release|Any CPU
		{7D9B7786-3B3E-45FB-9204-BB537E1173D3}.Debug|Any CPU.ActiveCfg = Debug|Any CPU
		{7D9B7786-3B3E-45FB-9204-BB537E1173D3}.Debug|Any CPU.Build.0 = Debug|Any CPU
		{7D9B7786-3B3E-45FB-9204-BB537E1173D3}.Release|Any CPU.ActiveCfg = Release|Any CPU
		{7D9B7786-3B3E-45FB-9204-BB537E1173D3}.Release|Any CPU.Build.0 = Release|Any CPU
		{20A6694B-E630-4B94-A595-167B8926DE80}.Debug|Any CPU.ActiveCfg = Debug|Any CPU
		{20A6694B-E630-4B94-A595-167B8926DE80}.Debug|Any CPU.Build.0 = Debug|Any CPU
		{20A6694B-E630-4B94-A595-167B8926DE80}.Release|Any CPU.ActiveCfg = Release|Any CPU
		{20A6694B-E630-4B94-A595-167B8926DE80}.Release|Any CPU.Build.0 = Release|Any CPU
		{91D88066-C40B-412D-84C0-4564677CE4FE}.Debug|Any CPU.ActiveCfg = Debug|Any CPU
		{91D88066-C40B-412D-84C0-4564677CE4FE}.Debug|Any CPU.Build.0 = Debug|Any CPU
		{91D88066-C40B-412D-84C0-4564677CE4FE}.Release|Any CPU.ActiveCfg = Release|Any CPU
		{91D88066-C40B-412D-84C0-4564677CE4FE}.Release|Any CPU.Build.0 = Release|Any CPU
		{01B0922B-E40F-4F35-838B-14FAB583F094}.Debug|Any CPU.ActiveCfg = Debug|Any CPU
		{01B0922B-E40F-4F35-838B-14FAB583F094}.Debug|Any CPU.Build.0 = Debug|Any CPU
		{01B0922B-E40F-4F35-838B-14FAB583F094}.Release|Any CPU.ActiveCfg = Release|Any CPU
		{01B0922B-E40F-4F35-838B-14FAB583F094}.Release|Any CPU.Build.0 = Release|Any CPU
		{1A7633FB-CD02-4E61-B9CB-F9900E13E3A5}.Debug|Any CPU.ActiveCfg = Debug|Any CPU
		{1A7633FB-CD02-4E61-B9CB-F9900E13E3A5}.Debug|Any CPU.Build.0 = Debug|Any CPU
		{1A7633FB-CD02-4E61-B9CB-F9900E13E3A5}.Release|Any CPU.ActiveCfg = Release|Any CPU
		{1A7633FB-CD02-4E61-B9CB-F9900E13E3A5}.Release|Any CPU.Build.0 = Release|Any CPU
	EndGlobalSection
	GlobalSection(SolutionProperties) = preSolution
		HideSolutionNode = FALSE
	EndGlobalSection
	GlobalSection(NestedProjects) = preSolution
		{AC36EB1D-3EC3-49A5-9F3D-BF37C79744D0} = {AA33D6D5-EC65-4E8E-A15B-F83D3B2D321C}
		{90347326-ACC4-4D54-83B4-C923DFDB680D} = {AA33D6D5-EC65-4E8E-A15B-F83D3B2D321C}
		{A0919C1A-E9C7-46E9-B478-C2504447F15D} = {AA33D6D5-EC65-4E8E-A15B-F83D3B2D321C}
		{84F01737-A0EB-42B7-B0E5-D8FCC0BCAF92} = {AA33D6D5-EC65-4E8E-A15B-F83D3B2D321C}
		{CEC19E05-E04D-4462-B30A-B47A05579D7B} = {AC36EB1D-3EC3-49A5-9F3D-BF37C79744D0}
		{BC78516D-B48D-4625-B337-4E347F7BC1FB} = {AC36EB1D-3EC3-49A5-9F3D-BF37C79744D0}
		{667BC3EF-18FD-4148-86D6-7BC1A1FE768D} = {AC36EB1D-3EC3-49A5-9F3D-BF37C79744D0}
		{3BA96676-8807-41AC-ACF5-C6EBF3DCB5B9} = {90347326-ACC4-4D54-83B4-C923DFDB680D}
		{604F4876-1C8B-424A-82AC-E9C4E45B793F} = {A0919C1A-E9C7-46E9-B478-C2504447F15D}
		{CAE67D9C-BC66-44B4-97FF-9652B0FBB27A} = {CEC19E05-E04D-4462-B30A-B47A05579D7B}
		{DA2D3BC2-F235-45CE-921B-A856817A5FD2} = {CEC19E05-E04D-4462-B30A-B47A05579D7B}
		{72E9AD52-F4CC-4A2D-80CF-A928175F1F42} = {BC78516D-B48D-4625-B337-4E347F7BC1FB}
		{7D9B7786-3B3E-45FB-9204-BB537E1173D3} = {84F01737-A0EB-42B7-B0E5-D8FCC0BCAF92}
		{20A6694B-E630-4B94-A595-167B8926DE80} = {84F01737-A0EB-42B7-B0E5-D8FCC0BCAF92}
		{91D88066-C40B-412D-84C0-4564677CE4FE} = {84F01737-A0EB-42B7-B0E5-D8FCC0BCAF92}
		{01B0922B-E40F-4F35-838B-14FAB583F094} = {3BA96676-8807-41AC-ACF5-C6EBF3DCB5B9}
		{1A7633FB-CD02-4E61-B9CB-F9900E13E3A5} = {667BC3EF-18FD-4148-86D6-7BC1A1FE768D}
	EndGlobalSection
	GlobalSection(ExtensibilityGlobals) = postSolution
		SolutionGuid = {24375043-419F-4AE0-84D0-ABBBEBF34FE2}
	EndGlobalSection
EndGlobal
